
Microsoft Visual Studio Solution File, Format Version 12.00
# Visual Studio Version 17
VisualStudioVersion = 17.0.31903.59
MinimumVisualStudioVersion = 10.0.40219.1
Project("{9A19103F-16F7-4668-BE54-9A1E7A4F7556}") = "Csrs.Api", "Csrs.Api\Csrs.Api.csproj", "{E5E4CAE4-C4ED-41B3-ADB0-7BA0CDCC2DA4}"
EndProject
Project("{9A19103F-16F7-4668-BE54-9A1E7A4F7556}") = "Csrs.Test", "Csrs.Test\Csrs.Test.csproj", "{50D9B167-56C8-4829-833B-DAC8425BFD14}"
EndProject
Project("{2150E333-8FDC-42A3-9474-1A3956D46DE8}") = "Solution Items", "Solution Items", "{B8F096C8-9509-4705-93AB-D2C498A1FB37}"
	ProjectSection(SolutionItems) = preProject
		.editorconfig = .editorconfig
		README.md = README.md
	EndProjectSection
EndProject
Project("{9A19103F-16F7-4668-BE54-9A1E7A4F7556}") = "Csrs.Services.FileManager", "Csrs.Services.FileManager\Csrs.Services.FileManager.csproj", "{3DC41D65-A66C-461B-9E55-7A5A735AFD4D}"
EndProject
Project("{9A19103F-16F7-4668-BE54-9A1E7A4F7556}") = "SharePoint", "Csrs.Interfaces.SharePoint\SharePoint.csproj", "{1095653E-474E-4C3E-BDA2-6CC680346296}"
EndProject
Global
	GlobalSection(SolutionConfigurationPlatforms) = preSolution
		Debug|Any CPU = Debug|Any CPU
		Release|Any CPU = Release|Any CPU
	EndGlobalSection
	GlobalSection(ProjectConfigurationPlatforms) = postSolution
		{E5E4CAE4-C4ED-41B3-ADB0-7BA0CDCC2DA4}.Debug|Any CPU.ActiveCfg = Debug|Any CPU
		{E5E4CAE4-C4ED-41B3-ADB0-7BA0CDCC2DA4}.Debug|Any CPU.Build.0 = Debug|Any CPU
		{E5E4CAE4-C4ED-41B3-ADB0-7BA0CDCC2DA4}.Release|Any CPU.ActiveCfg = Release|Any CPU
		{E5E4CAE4-C4ED-41B3-ADB0-7BA0CDCC2DA4}.Release|Any CPU.Build.0 = Release|Any CPU
		{50D9B167-56C8-4829-833B-DAC8425BFD14}.Debug|Any CPU.ActiveCfg = Debug|Any CPU
		{50D9B167-56C8-4829-833B-DAC8425BFD14}.Debug|Any CPU.Build.0 = Debug|Any CPU
		{50D9B167-56C8-4829-833B-DAC8425BFD14}.Release|Any CPU.ActiveCfg = Release|Any CPU
		{50D9B167-56C8-4829-833B-DAC8425BFD14}.Release|Any CPU.Build.0 = Release|Any CPU
		{3DC41D65-A66C-461B-9E55-7A5A735AFD4D}.Debug|Any CPU.ActiveCfg = Debug|Any CPU
		{3DC41D65-A66C-461B-9E55-7A5A735AFD4D}.Debug|Any CPU.Build.0 = Debug|Any CPU
		{3DC41D65-A66C-461B-9E55-7A5A735AFD4D}.Release|Any CPU.ActiveCfg = Release|Any CPU
		{3DC41D65-A66C-461B-9E55-7A5A735AFD4D}.Release|Any CPU.Build.0 = Release|Any CPU
		{1095653E-474E-4C3E-BDA2-6CC680346296}.Debug|Any CPU.ActiveCfg = Debug|Any CPU
		{1095653E-474E-4C3E-BDA2-6CC680346296}.Debug|Any CPU.Build.0 = Debug|Any CPU
		{1095653E-474E-4C3E-BDA2-6CC680346296}.Release|Any CPU.ActiveCfg = Release|Any CPU
		{1095653E-474E-4C3E-BDA2-6CC680346296}.Release|Any CPU.Build.0 = Release|Any CPU
	EndGlobalSection
	GlobalSection(SolutionProperties) = preSolution
		HideSolutionNode = FALSE
	EndGlobalSection
	GlobalSection(ExtensibilityGlobals) = postSolution
		SolutionGuid = {BBE6C600-2391-44C7-8B02-0BAFA3A421D8}
	EndGlobalSection
EndGlobal
